
Microsoft Visual Studio Solution File, Format Version 12.00
Project("{FAE04EC0-301F-11D3-BF4B-00C04F79EFBC}") = "Pap.erNet", "Pap.erNet.csproj", "{E0FD96AB-7AEF-44CB-AD73-CC6F45B050FA}"
EndProject
Global
	GlobalSection(SolutionConfigurationPlatforms) = preSolution
		Debug|Any CPU = Debug|Any CPU
		Release|Any CPU = Release|Any CPU
	EndGlobalSection
	GlobalSection(ProjectConfigurationPlatforms) = postSolution
		{E0FD96AB-7AEF-44CB-AD73-CC6F45B050FA}.Debug|Any CPU.ActiveCfg = Debug|Any CPU
		{E0FD96AB-7AEF-44CB-AD73-CC6F45B050FA}.Debug|Any CPU.Build.0 = Debug|Any CPU
		{E0FD96AB-7AEF-44CB-AD73-CC6F45B050FA}.Release|Any CPU.ActiveCfg = Release|Any CPU
		{E0FD96AB-7AEF-44CB-AD73-CC6F45B050FA}.Release|Any CPU.Build.0 = Release|Any CPU
	EndGlobalSection
EndGlobal
